
Microsoft Visual Studio Solution File, Format Version 12.00
# Visual Studio Version 17
VisualStudioVersion = 17.1.32228.430
MinimumVisualStudioVersion = 10.0.40219.1
Project("{8BC9CEB8-8B4A-11D0-8D11-00A0C91BC942}") = "helloworld", "helloworld\helloworld.vcxproj", "{1B7BC4A0-B472-4F15-AE11-297659DBE366}"
EndProject
Project("{8BC9CEB8-8B4A-11D0-8D11-00A0C91BC942}") = "consoleproj", "consoleproj\consoleproj.vcxproj", "{02C7FB15-4664-42CC-96D8-3118DB23BF54}"
EndProject
Project("{8BC9CEB8-8B4A-11D0-8D11-00A0C91BC942}") = "define-usage", "define-usage\define-usage.vcxproj", "{4388C857-23CC-4C9C-8741-14EE55DD1E67}"
EndProject
Global
	GlobalSection(SolutionConfigurationPlatforms) = preSolution
		Debug|x64 = Debug|x64
		Debug|x86 = Debug|x86
		Release|x64 = Release|x64
		Release|x86 = Release|x86
	EndGlobalSection
	GlobalSection(ProjectConfigurationPlatforms) = postSolution
		{1B7BC4A0-B472-4F15-AE11-297659DBE366}.Debug|x64.ActiveCfg = Debug|x64
		{1B7BC4A0-B472-4F15-AE11-297659DBE366}.Debug|x64.Build.0 = Debug|x64
		{1B7BC4A0-B472-4F15-AE11-297659DBE366}.Debug|x86.ActiveCfg = Debug|Win32
		{1B7BC4A0-B472-4F15-AE11-297659DBE366}.Debug|x86.Build.0 = Debug|Win32
		{1B7BC4A0-B472-4F15-AE11-297659DBE366}.Release|x64.ActiveCfg = Release|x64
		{1B7BC4A0-B472-4F15-AE11-297659DBE366}.Release|x64.Build.0 = Release|x64
		{1B7BC4A0-B472-4F15-AE11-297659DBE366}.Release|x86.ActiveCfg = Release|Win32
		{1B7BC4A0-B472-4F15-AE11-297659DBE366}.Release|x86.Build.0 = Release|Win32
		{02C7FB15-4664-42CC-96D8-3118DB23BF54}.Debug|x64.ActiveCfg = Debug|x64
		{02C7FB15-4664-42CC-96D8-3118DB23BF54}.Debug|x64.Build.0 = Debug|x64
		{02C7FB15-4664-42CC-96D8-3118DB23BF54}.Debug|x86.ActiveCfg = Debug|Win32
		{02C7FB15-4664-42CC-96D8-3118DB23BF54}.Debug|x86.Build.0 = Debug|Win32
		{02C7FB15-4664-42CC-96D8-3118DB23BF54}.Release|x64.ActiveCfg = Release|x64
		{02C7FB15-4664-42CC-96D8-3118DB23BF54}.Release|x64.Build.0 = Release|x64
		{02C7FB15-4664-42CC-96D8-3118DB23BF54}.Release|x86.ActiveCfg = Release|Win32
		{02C7FB15-4664-42CC-96D8-3118DB23BF54}.Release|x86.Build.0 = Release|Win32
		{4388C857-23CC-4C9C-8741-14EE55DD1E67}.Debug|x64.ActiveCfg = Debug|x64
		{4388C857-23CC-4C9C-8741-14EE55DD1E67}.Debug|x64.Build.0 = Debug|x64
		{4388C857-23CC-4C9C-8741-14EE55DD1E67}.Debug|x86.ActiveCfg = Debug|Win32
		{4388C857-23CC-4C9C-8741-14EE55DD1E67}.Debug|x86.Build.0 = Debug|Win32
		{4388C857-23CC-4C9C-8741-14EE55DD1E67}.Release|x64.ActiveCfg = Release|x64
		{4388C857-23CC-4C9C-8741-14EE55DD1E67}.Release|x64.Build.0 = Release|x64
		{4388C857-23CC-4C9C-8741-14EE55DD1E67}.Release|x86.ActiveCfg = Release|Win32
		{4388C857-23CC-4C9C-8741-14EE55DD1E67}.Release|x86.Build.0 = Release|Win32
	EndGlobalSection
	GlobalSection(SolutionProperties) = preSolution
		HideSolutionNode = FALSE
	EndGlobalSection
	GlobalSection(ExtensibilityGlobals) = postSolution
		SolutionGuid = {F5AB836A-8BB8-464A-98D7-E248422161CE}
	EndGlobalSection
EndGlobal
